{
  "nodes": {
    "brew-api": {
      "flake": false,
      "locked": {
        "lastModified": 1759574819,
        "narHash": "sha256-l5I1MsojEpK/xdQyr1CCIrMioCNnPHHxSnnKqumxDPA=",
        "owner": "BatteredBunny",
        "repo": "brew-api",
        "rev": "de589109506a831eaecdb0a998b061587b914012",
        "type": "github"
      },
      "original": {
        "owner": "BatteredBunny",
        "repo": "brew-api",
        "type": "github"
      }
    },
    "brew-nix": {
      "inputs": {
        "brew-api": [
          "brew-api"
        ],
        "nix-darwin": "nix-darwin",
        "nixpkgs": "nixpkgs"
      },
      "locked": {
        "lastModified": 1749403637,
        "narHash": "sha256-V0zqpWFuZBATo0YWUf41GmPkD0/LfDH+LMu3766YLbY=",
        "owner": "BatteredBunny",
        "repo": "brew-nix",
        "rev": "3cf0142d0629c12dd14f0075b3c8eca7704cef88",
        "type": "github"
      },
      "original": {
        "owner": "BatteredBunny",
        "repo": "brew-nix",
        "type": "github"
      }
    },
    "flake-compat": {
      "flake": false,
      "locked": {
        "lastModified": 1747046372,
        "narHash": "sha256-CIVLLkVgvHYbgI2UpXvIIBJ12HWgX+fjA8Xf8PUmqCY=",
        "owner": "edolstra",
        "repo": "flake-compat",
        "rev": "9100a0f413b0c601e0533d1d94ffd501ce2e7885",
        "type": "github"
      },
      "original": {
        "owner": "edolstra",
        "repo": "flake-compat",
        "type": "github"
      }
    },
    "home-manager": {
      "inputs": {
        "nixpkgs": [
          "nixpkgs"
        ]
      },
      "locked": {
        "lastModified": 1758463745,
        "narHash": "sha256-uhzsV0Q0I9j2y/rfweWeGif5AWe0MGrgZ/3TjpDYdGA=",
        "owner": "nix-community",
        "repo": "home-manager",
        "rev": "3b955f5f0a942f9f60cdc9cacb7844335d0f21c3",
        "type": "github"
      },
      "original": {
        "owner": "nix-community",
        "ref": "release-25.05",
        "repo": "home-manager",
        "type": "github"
      }
    },
    "nix-darwin": {
      "inputs": {
        "nixpkgs": [
          "brew-nix",
          "nixpkgs"
        ]
      },
      "locked": {
        "lastModified": 1744478979,
        "narHash": "sha256-dyN+teG9G82G+m+PX/aSAagkC+vUv0SgUw3XkPhQodQ=",
        "owner": "nix-darwin",
        "repo": "nix-darwin",
        "rev": "43975d782b418ebf4969e9ccba82466728c2851b",
        "type": "github"
      },
      "original": {
        "owner": "nix-darwin",
        "repo": "nix-darwin",
        "type": "github"
      }
    },
    "nix-darwin_2": {
      "inputs": {
        "nixpkgs": [
          "nixpkgs"
        ]
      },
      "locked": {
        "lastModified": 1759509947,
        "narHash": "sha256-4XifSIHfpJKcCf5bZZRhj8C4aCpjNBaE3kXr02s4rHU=",
        "owner": "nix-darwin",
        "repo": "nix-darwin",
        "rev": "000eadb231812ad6ea6aebd7526974aaf4e79355",
        "type": "github"
      },
      "original": {
        "owner": "nix-darwin",
        "ref": "nix-darwin-25.05",
        "repo": "nix-darwin",
        "type": "github"
      }
    },
    "nixos-wsl": {
      "inputs": {
        "flake-compat": "flake-compat",
        "nixpkgs": [
          "nixpkgs"
        ]
      },
      "locked": {
        "lastModified": 1759833546,
        "narHash": "sha256-rOfkgIiiZNPUbf61OqEym60wXEODeDG8XH+gV/SUoUc=",
        "owner": "nix-community",
        "repo": "NixOS-WSL",
        "rev": "7c0c0f4c3a51761434f18209fa9499b8579ff730",
        "type": "github"
      },
      "original": {
        "owner": "nix-community",
        "repo": "NixOS-WSL",
        "type": "github"
      }
    },
    "nixpkgs": {
      "locked": {
        "lastModified": 1745526057,
        "narHash": "sha256-ITSpPDwvLBZBnPRS2bUcHY3gZSwis/uTe255QgMtTLA=",
        "owner": "NixOS",
        "repo": "nixpkgs",
        "rev": "f771eb401a46846c1aebd20552521b233dd7e18b",
        "type": "github"
      },
      "original": {
        "owner": "NixOS",
        "ref": "nixos-unstable",
        "repo": "nixpkgs",
        "type": "github"
      }
    },
    "nixpkgs_2": {
      "locked": {
        "lastModified": 1759439645,
        "narHash": "sha256-oiAyQaRilPk525Z5aTtTNWNzSrcdJ7IXM0/PL3CGlbI=",
        "owner": "nixos",
        "repo": "nixpkgs",
        "rev": "879bd460b3d3e8571354ce172128fbcbac1ed633",
        "type": "github"
      },
      "original": {
        "owner": "nixos",
        "ref": "nixos-25.05",
        "repo": "nixpkgs",
        "type": "github"
      }
    },
    "root": {
      "inputs": {
        "brew-api": "brew-api",
        "brew-nix": "brew-nix",
        "home-manager": "home-manager",
        "nix-darwin": "nix-darwin_2",
        "nixos-wsl": "nixos-wsl",
        "nixpkgs": "nixpkgs_2"
      }
    }
  },
  "root": "root",
  "version": 7
}
